
Microsoft Visual Studio Solution File, Format Version 12.00
# Visual Studio Version 17
VisualStudioVersion = 17.14.36429.23 d17.14
MinimumVisualStudioVersion = 10.0.40219.1
Project("{FAE04EC0-301F-11D3-BF4B-00C04F79EFBC}") = "CapaDatos", "CapaDatos\CapaDatos.csproj", "{DC191516-1B27-4504-AC49-21468491DC11}"
EndProject
Project("{FAE04EC0-301F-11D3-BF4B-00C04F79EFBC}") = "CapaLogica", "CapaLogica\CapaLogica.csproj", "{6ED77655-F28E-410B-88B4-A9EFD22C15D4}"
EndProject
Project("{FAE04EC0-301F-11D3-BF4B-00C04F79EFBC}") = "CapaPresentacion", "CapaPresentacion\CapaPresentacion.csproj", "{298EC45C-0DCA-4BB5-986E-20759D49F3E8}"
EndProject
Global
	GlobalSection(SolutionConfigurationPlatforms) = preSolution
		Debug|Any CPU = Debug|Any CPU
		Release|Any CPU = Release|Any CPU
	EndGlobalSection
	GlobalSection(ProjectConfigurationPlatforms) = postSolution
		{DC191516-1B27-4504-AC49-21468491DC11}.Debug|Any CPU.ActiveCfg = Debug|Any CPU
		{DC191516-1B27-4504-AC49-21468491DC11}.Debug|Any CPU.Build.0 = Debug|Any CPU
		{DC191516-1B27-4504-AC49-21468491DC11}.Release|Any CPU.ActiveCfg = Release|Any CPU
		{DC191516-1B27-4504-AC49-21468491DC11}.Release|Any CPU.Build.0 = Release|Any CPU
		{6ED77655-F28E-410B-88B4-A9EFD22C15D4}.Debug|Any CPU.ActiveCfg = Debug|Any CPU
		{6ED77655-F28E-410B-88B4-A9EFD22C15D4}.Debug|Any CPU.Build.0 = Debug|Any CPU
		{6ED77655-F28E-410B-88B4-A9EFD22C15D4}.Release|Any CPU.ActiveCfg = Release|Any CPU
		{6ED77655-F28E-410B-88B4-A9EFD22C15D4}.Release|Any CPU.Build.0 = Release|Any CPU
		{298EC45C-0DCA-4BB5-986E-20759D49F3E8}.Debug|Any CPU.ActiveCfg = Debug|Any CPU
		{298EC45C-0DCA-4BB5-986E-20759D49F3E8}.Debug|Any CPU.Build.0 = Debug|Any CPU
		{298EC45C-0DCA-4BB5-986E-20759D49F3E8}.Release|Any CPU.ActiveCfg = Release|Any CPU
		{298EC45C-0DCA-4BB5-986E-20759D49F3E8}.Release|Any CPU.Build.0 = Release|Any CPU
	EndGlobalSection
	GlobalSection(SolutionProperties) = preSolution
		HideSolutionNode = FALSE
	EndGlobalSection
	GlobalSection(ExtensibilityGlobals) = postSolution
		SolutionGuid = {C17165F5-733C-46F8-A585-60BD41EE4A84}
	EndGlobalSection
EndGlobal
